// !$*UTF8*$!
{
	archiveVersion = 1;
	classes = {
	};
	objectVersion = 46;
	objects = {

/* Begin PBXBuildFile section */
		85CCD1A01D93FD6800E9DF7B /* AppDelegate.swift in Sources */ = {isa = PBXBuildFile; fileRef = 85CCD19F1D93FD6800E9DF7B /* AppDelegate.swift */; };
		85CCD1A21D93FD6800E9DF7B /* ViewController.swift in Sources */ = {isa = PBXBuildFile; fileRef = 85CCD1A11D93FD6800E9DF7B /* ViewController.swift */; };
		85CCD1A51D93FD6800E9DF7B /* Main.storyboard in Resources */ = {isa = PBXBuildFile; fileRef = 85CCD1A31D93FD6800E9DF7B /* Main.storyboard */; };
		85CCD1A71D93FD6800E9DF7B /* Assets.xcassets in Resources */ = {isa = PBXBuildFile; fileRef = 85CCD1A61D93FD6800E9DF7B /* Assets.xcassets */; };
		85CCD1AA1D93FD6800E9DF7B /* LaunchScreen.storyboard in Resources */ = {isa = PBXBuildFile; fileRef = 85CCD1A81D93FD6800E9DF7B /* LaunchScreen.storyboard */; };
		85CCD1B51D93FD6800E9DF7B /* MpgCalculatorTests.swift in Sources */ = {isa = PBXBuildFile; fileRef = 85CCD1B41D93FD6800E9DF7B /* MpgCalculatorTests.swift */; };
		85CCD1C01D93FD6800E9DF7B /* MpgCalculatorUITests.swift in Sources */ = {isa = PBXBuildFile; fileRef = 85CCD1BF1D93FD6800E9DF7B /* MpgCalculatorUITests.swift */; };
		85CCD1CE1D940B0500E9DF7B /* FuelPoint.swift in Sources */ = {isa = PBXBuildFile; fileRef = 85CCD1CD1D940B0500E9DF7B /* FuelPoint.swift */; };
/* End PBXBuildFile section */

/* Begin PBXContainerItemProxy section */
		85CCD1B11D93FD6800E9DF7B /* PBXContainerItemProxy */ = {
			isa = PBXContainerItemProxy;
			containerPortal = 85CCD1941D93FD6700E9DF7B /* Project object */;
			proxyType = 1;
			remoteGlobalIDString = 85CCD19B1D93FD6800E9DF7B;
			remoteInfo = MpgCalculator;
		};
		85CCD1BC1D93FD6800E9DF7B /* PBXContainerItemProxy */ = {
			isa = PBXContainerItemProxy;
			containerPortal = 85CCD1941D93FD6700E9DF7B /* Project object */;
			proxyType = 1;
			remoteGlobalIDString = 85CCD19B1D93FD6800E9DF7B;
			remoteInfo = MpgCalculator;
		};
/* End PBXContainerItemProxy section */

/* Begin PBXFileReference section */
		85CCD19C1D93FD6800E9DF7B /* MpgCalculator.app */ = {isa = PBXFileReference; explicitFileType = wrapper.application; includeInIndex = 0; path = MpgCalculator.app; sourceTree = BUILT_PRODUCTS_DIR; };
		85CCD19F1D93FD6800E9DF7B /* AppDelegate.swift */ = {isa = PBXFileReference; lastKnownFileType = sourcecode.swift; path = AppDelegate.swift; sourceTree = "<group>"; };
		85CCD1A11D93FD6800E9DF7B /* ViewController.swift */ = {isa = PBXFileReference; lastKnownFileType = sourcecode.swift; path = ViewController.swift; sourceTree = "<group>"; };
		85CCD1A41D93FD6800E9DF7B /* Base */ = {isa = PBXFileReference; lastKnownFileType = file.storyboard; name = Base; path = Base.lproj/Main.storyboard; sourceTree = "<group>"; };
		85CCD1A61D93FD6800E9DF7B /* Assets.xcassets */ = {isa = PBXFileReference; lastKnownFileType = folder.assetcatalog; path = Assets.xcassets; sourceTree = "<group>"; };
		85CCD1A91D93FD6800E9DF7B /* Base */ = {isa = PBXFileReference; lastKnownFileType = file.storyboard; name = Base; path = Base.lproj/LaunchScreen.storyboard; sourceTree = "<group>"; };
		85CCD1AB1D93FD6800E9DF7B /* Info.plist */ = {isa = PBXFileReference; lastKnownFileType = text.plist.xml; path = Info.plist; sourceTree = "<group>"; };
		85CCD1B01D93FD6800E9DF7B /* MpgCalculatorTests.xctest */ = {isa = PBXFileReference; explicitFileType = wrapper.cfbundle; includeInIndex = 0; path = MpgCalculatorTests.xctest; sourceTree = BUILT_PRODUCTS_DIR; };
		85CCD1B41D93FD6800E9DF7B /* MpgCalculatorTests.swift */ = {isa = PBXFileReference; lastKnownFileType = sourcecode.swift; path = MpgCalculatorTests.swift; sourceTree = "<group>"; };
		85CCD1B61D93FD6800E9DF7B /* Info.plist */ = {isa = PBXFileReference; lastKnownFileType = text.plist.xml; path = Info.plist; sourceTree = "<group>"; };
		85CCD1BB1D93FD6800E9DF7B /* MpgCalculatorUITests.xctest */ = {isa = PBXFileReference; explicitFileType = wrapper.cfbundle; includeInIndex = 0; path = MpgCalculatorUITests.xctest; sourceTree = BUILT_PRODUCTS_DIR; };
		85CCD1BF1D93FD6800E9DF7B /* MpgCalculatorUITests.swift */ = {isa = PBXFileReference; lastKnownFileType = sourcecode.swift; path = MpgCalculatorUITests.swift; sourceTree = "<group>"; };
		85CCD1C11D93FD6800E9DF7B /* Info.plist */ = {isa = PBXFileReference; lastKnownFileType = text.plist.xml; path = Info.plist; sourceTree = "<group>"; };
		85CCD1CD1D940B0500E9DF7B /* FuelPoint.swift */ = {isa = PBXFileReference; fileEncoding = 4; lastKnownFileType = sourcecode.swift; path = FuelPoint.swift; sourceTree = "<group>"; };
/* End PBXFileReference section */

/* Begin PBXFrameworksBuildPhase section */
		85CCD1991D93FD6800E9DF7B /* Frameworks */ = {
			isa = PBXFrameworksBuildPhase;
			buildActionMask = 2147483647;
			files = (
			);
			runOnlyForDeploymentPostprocessing = 0;
		};
		85CCD1AD1D93FD6800E9DF7B /* Frameworks */ = {
			isa = PBXFrameworksBuildPhase;
			buildActionMask = 2147483647;
			files = (
			);
			runOnlyForDeploymentPostprocessing = 0;
		};
		85CCD1B81D93FD6800E9DF7B /* Frameworks */ = {
			isa = PBXFrameworksBuildPhase;
			buildActionMask = 2147483647;
			files = (
			);
			runOnlyForDeploymentPostprocessing = 0;
		};
/* End PBXFrameworksBuildPhase section */

/* Begin PBXGroup section */
		85CCD1931D93FD6700E9DF7B = {
			isa = PBXGroup;
			children = (
				85CCD19E1D93FD6800E9DF7B /* MpgCalculator */,
				85CCD1B31D93FD6800E9DF7B /* MpgCalculatorTests */,
				85CCD1BE1D93FD6800E9DF7B /* MpgCalculatorUITests */,
				85CCD19D1D93FD6800E9DF7B /* Products */,
			);
			sourceTree = "<group>";
		};
		85CCD19D1D93FD6800E9DF7B /* Products */ = {
			isa = PBXGroup;
			children = (
				85CCD19C1D93FD6800E9DF7B /* MpgCalculator.app */,
				85CCD1B01D93FD6800E9DF7B /* MpgCalculatorTests.xctest */,
				85CCD1BB1D93FD6800E9DF7B /* MpgCalculatorUITests.xctest */,
			);
			name = Products;
			sourceTree = "<group>";
		};
		85CCD19E1D93FD6800E9DF7B /* MpgCalculator */ = {
			isa = PBXGroup;
			children = (
				85CCD19F1D93FD6800E9DF7B /* AppDelegate.swift */,
				85CCD1A11D93FD6800E9DF7B /* ViewController.swift */,
				85CCD1A31D93FD6800E9DF7B /* Main.storyboard */,
				85CCD1CD1D940B0500E9DF7B /* FuelPoint.swift */,
				85CCD1A61D93FD6800E9DF7B /* Assets.xcassets */,
				85CCD1A81D93FD6800E9DF7B /* LaunchScreen.storyboard */,
				85CCD1AB1D93FD6800E9DF7B /* Info.plist */,
			);
			path = MpgCalculator;
			sourceTree = "<group>";
		};
		85CCD1B31D93FD6800E9DF7B /* MpgCalculatorTests */ = {
			isa = PBXGroup;
			children = (
				85CCD1B41D93FD6800E9DF7B /* MpgCalculatorTests.swift */,
				85CCD1B61D93FD6800E9DF7B /* Info.plist */,
			);
			path = MpgCalculatorTests;
			sourceTree = "<group>";
		};
		85CCD1BE1D93FD6800E9DF7B /* MpgCalculatorUITests */ = {
			isa = PBXGroup;
			children = (
				85CCD1BF1D93FD6800E9DF7B /* MpgCalculatorUITests.swift */,
				85CCD1C11D93FD6800E9DF7B /* Info.plist */,
			);
			path = MpgCalculatorUITests;
			sourceTree = "<group>";
		};
/* End PBXGroup section */

/* Begin PBXNativeTarget section */
		85CCD19B1D93FD6800E9DF7B /* MpgCalculator */ = {
			isa = PBXNativeTarget;
			buildConfigurationList = 85CCD1C41D93FD6800E9DF7B /* Build configuration list for PBXNativeTarget "MpgCalculator" */;
			buildPhases = (
				85CCD1981D93FD6800E9DF7B /* Sources */,
				85CCD1991D93FD6800E9DF7B /* Frameworks */,
				85CCD19A1D93FD6800E9DF7B /* Resources */,
			);
			buildRules = (
			);
			dependencies = (
			);
			name = MpgCalculator;
			productName = MpgCalculator;
			productReference = 85CCD19C1D93FD6800E9DF7B /* MpgCalculator.app */;
			productType = "com.apple.product-type.application";
		};
		85CCD1AF1D93FD6800E9DF7B /* MpgCalculatorTests */ = {
			isa = PBXNativeTarget;
			buildConfigurationList = 85CCD1C71D93FD6800E9DF7B /* Build configuration list for PBXNativeTarget "MpgCalculatorTests" */;
			buildPhases = (
				85CCD1AC1D93FD6800E9DF7B /* Sources */,
				85CCD1AD1D93FD6800E9DF7B /* Frameworks */,
				85CCD1AE1D93FD6800E9DF7B /* Resources */,
			);
			buildRules = (
			);
			dependencies = (
				85CCD1B21D93FD6800E9DF7B /* PBXTargetDependency */,
			);
			name = MpgCalculatorTests;
			productName = MpgCalculatorTests;
			productReference = 85CCD1B01D93FD6800E9DF7B /* MpgCalculatorTests.xctest */;
			productType = "com.apple.product-type.bundle.unit-test";
		};
		85CCD1BA1D93FD6800E9DF7B /* MpgCalculatorUITests */ = {
			isa = PBXNativeTarget;
			buildConfigurationList = 85CCD1CA1D93FD6800E9DF7B /* Build configuration list for PBXNativeTarget "MpgCalculatorUITests" */;
			buildPhases = (
				85CCD1B71D93FD6800E9DF7B /* Sources */,
				85CCD1B81D93FD6800E9DF7B /* Frameworks */,
				85CCD1B91D93FD6800E9DF7B /* Resources */,
			);
			buildRules = (
			);
			dependencies = (
				85CCD1BD1D93FD6800E9DF7B /* PBXTargetDependency */,
			);
			name = MpgCalculatorUITests;
			productName = MpgCalculatorUITests;
			productReference = 85CCD1BB1D93FD6800E9DF7B /* MpgCalculatorUITests.xctest */;
			productType = "com.apple.product-type.bundle.ui-testing";
		};
/* End PBXNativeTarget section */

/* Begin PBXProject section */
		85CCD1941D93FD6700E9DF7B /* Project object */ = {
			isa = PBXProject;
			attributes = {
				LastSwiftUpdateCheck = 0800;
				LastUpgradeCheck = 0800;
				ORGANIZATIONNAME = "John Franklin";
				TargetAttributes = {
					85CCD19B1D93FD6800E9DF7B = {
						CreatedOnToolsVersion = 8.0;
						ProvisioningStyle = Automatic;
					};
					85CCD1AF1D93FD6800E9DF7B = {
						CreatedOnToolsVersion = 8.0;
						ProvisioningStyle = Automatic;
						TestTargetID = 85CCD19B1D93FD6800E9DF7B;
					};
					85CCD1BA1D93FD6800E9DF7B = {
						CreatedOnToolsVersion = 8.0;
						ProvisioningStyle = Automatic;
						TestTargetID = 85CCD19B1D93FD6800E9DF7B;
					};
				};
			};
			buildConfigurationList = 85CCD1971D93FD6800E9DF7B /* Build configuration list for PBXProject "MpgCalculator" */;
			compatibilityVersion = "Xcode 3.2";
			developmentRegion = English;
			hasScannedForEncodings = 0;
			knownRegions = (
				en,
				Base,
			);
			mainGroup = 85CCD1931D93FD6700E9DF7B;
			productRefGroup = 85CCD19D1D93FD6800E9DF7B /* Products */;
			projectDirPath = "";
			projectRoot = "";
			targets = (
				85CCD19B1D93FD6800E9DF7B /* MpgCalculator */,
				85CCD1AF1D93FD6800E9DF7B /* MpgCalculatorTests */,
				85CCD1BA1D93FD6800E9DF7B /* MpgCalculatorUITests */,
			);
		};
/* End PBXProject section */

/* Begin PBXResourcesBuildPhase section */
		85CCD19A1D93FD6800E9DF7B /* Resources */ = {
			isa = PBXResourcesBuildPhase;
			buildActionMask = 2147483647;
			files = (
				85CCD1AA1D93FD6800E9DF7B /* LaunchScreen.storyboard in Resources */,
				85CCD1A71D93FD6800E9DF7B /* Assets.xcassets in Resources */,
				85CCD1A51D93FD6800E9DF7B /* Main.storyboard in Resources */,
			);
			runOnlyForDeploymentPostprocessing = 0;
		};
		85CCD1AE1D93FD6800E9DF7B /* Resources */ = {
			isa = PBXResourcesBuildPhase;
			buildActionMask = 2147483647;
			files = (
			);
			runOnlyForDeploymentPostprocessing = 0;
		};
		85CCD1B91D93FD6800E9DF7B /* Resources */ = {
			isa = PBXResourcesBuildPhase;
			buildActionMask = 2147483647;
			files = (
			);
			runOnlyForDeploymentPostprocessing = 0;
		};
/* End PBXResourcesBuildPhase section */

/* Begin PBXSourcesBuildPhase section */
		85CCD1981D93FD6800E9DF7B /* Sources */ = {
			isa = PBXSourcesBuildPhase;
			buildActionMask = 2147483647;
			files = (
				85CCD1A21D93FD6800E9DF7B /* ViewController.swift in Sources */,
				85CCD1CE1D940B0500E9DF7B /* FuelPoint.swift in Sources */,
				85CCD1A01D93FD6800E9DF7B /* AppDelegate.swift in Sources */,
			);
			runOnlyForDeploymentPostprocessing = 0;
		};
		85CCD1AC1D93FD6800E9DF7B /* Sources */ = {
			isa = PBXSourcesBuildPhase;
			buildActionMask = 2147483647;
			files = (
				85CCD1B51D93FD6800E9DF7B /* MpgCalculatorTests.swift in Sources */,
			);
			runOnlyForDeploymentPostprocessing = 0;
		};
		85CCD1B71D93FD6800E9DF7B /* Sources */ = {
			isa = PBXSourcesBuildPhase;
			buildActionMask = 2147483647;
			files = (
				85CCD1C01D93FD6800E9DF7B /* MpgCalculatorUITests.swift in Sources */,
			);
			runOnlyForDeploymentPostprocessing = 0;
		};
/* End PBXSourcesBuildPhase section */

/* Begin PBXTargetDependency section */
		85CCD1B21D93FD6800E9DF7B /* PBXTargetDependency */ = {
			isa = PBXTargetDependency;
			target = 85CCD19B1D93FD6800E9DF7B /* MpgCalculator */;
			targetProxy = 85CCD1B11D93FD6800E9DF7B /* PBXContainerItemProxy */;
		};
		85CCD1BD1D93FD6800E9DF7B /* PBXTargetDependency */ = {
			isa = PBXTargetDependency;
			target = 85CCD19B1D93FD6800E9DF7B /* MpgCalculator */;
			targetProxy = 85CCD1BC1D93FD6800E9DF7B /* PBXContainerItemProxy */;
		};
/* End PBXTargetDependency section */

/* Begin PBXVariantGroup section */
		85CCD1A31D93FD6800E9DF7B /* Main.storyboard */ = {
			isa = PBXVariantGroup;
			children = (
				85CCD1A41D93FD6800E9DF7B /* Base */,
			);
			name = Main.storyboard;
			sourceTree = "<group>";
		};
		85CCD1A81D93FD6800E9DF7B /* LaunchScreen.storyboard */ = {
			isa = PBXVariantGroup;
			children = (
				85CCD1A91D93FD6800E9DF7B /* Base */,
			);
			name = LaunchScreen.storyboard;
			sourceTree = "<group>";
		};
/* End PBXVariantGroup section */

/* Begin XCBuildConfiguration section */
		85CCD1C21D93FD6800E9DF7B /* Debug */ = {
			isa = XCBuildConfiguration;
			buildSettings = {
				ALWAYS_SEARCH_USER_PATHS = NO;
				CLANG_ANALYZER_NONNULL = YES;
				CLANG_CXX_LANGUAGE_STANDARD = "gnu++0x";
				CLANG_CXX_LIBRARY = "libc++";
				CLANG_ENABLE_MODULES = YES;
				CLANG_ENABLE_OBJC_ARC = YES;
				CLANG_WARN_BOOL_CONVERSION = YES;
				CLANG_WARN_CONSTANT_CONVERSION = YES;
				CLANG_WARN_DIRECT_OBJC_ISA_USAGE = YES_ERROR;
				CLANG_WARN_DOCUMENTATION_COMMENTS = YES;
				CLANG_WARN_EMPTY_BODY = YES;
				CLANG_WARN_ENUM_CONVERSION = YES;
				CLANG_WARN_INFINITE_RECURSION = YES;
				CLANG_WARN_INT_CONVERSION = YES;
				CLANG_WARN_OBJC_ROOT_CLASS = YES_ERROR;
				CLANG_WARN_SUSPICIOUS_MOVES = YES;
				CLANG_WARN_UNREACHABLE_CODE = YES;
				CLANG_WARN__DUPLICATE_METHOD_MATCH = YES;
				"CODE_SIGN_IDENTITY[sdk=iphoneos*]" = "iPhone Developer";
				COPY_PHASE_STRIP = NO;
				DEBUG_INFORMATION_FORMAT = dwarf;
				ENABLE_STRICT_OBJC_MSGSEND = YES;
				ENABLE_TESTABILITY = YES;
				GCC_C_LANGUAGE_STANDARD = gnu99;
				GCC_DYNAMIC_NO_PIC = NO;
				GCC_NO_COMMON_BLOCKS = YES;
				GCC_OPTIMIZATION_LEVEL = 0;
				GCC_PREPROCESSOR_DEFINITIONS = (
					"DEBUG=1",
					"$(inherited)",
				);
				GCC_WARN_64_TO_32_BIT_CONVERSION = YES;
				GCC_WARN_ABOUT_RETURN_TYPE = YES_ERROR;
				GCC_WARN_UNDECLARED_SELECTOR = YES;
				GCC_WARN_UNINITIALIZED_AUTOS = YES_AGGRESSIVE;
				GCC_WARN_UNUSED_FUNCTION = YES;
				GCC_WARN_UNUSED_VARIABLE = YES;
				IPHONEOS_DEPLOYMENT_TARGET = 10.0;
				MTL_ENABLE_DEBUG_INFO = YES;
				ONLY_ACTIVE_ARCH = YES;
				SDKROOT = iphoneos;
				SWIFT_ACTIVE_COMPILATION_CONDITIONS = DEBUG;
				SWIFT_OPTIMIZATION_LEVEL = "-Onone";
				TARGETED_DEVICE_FAMILY = "1,2";
			};
			name = Debug;
		};
		85CCD1C31D93FD6800E9DF7B /* Release */ = {
			isa = XCBuildConfiguration;
			buildSettings = {
				ALWAYS_SEARCH_USER_PATHS = NO;
				CLANG_ANALYZER_NONNULL = YES;
				CLANG_CXX_LANGUAGE_STANDARD = "gnu++0x";
				CLANG_CXX_LIBRARY = "libc++";
				CLANG_ENABLE_MODULES = YES;
				CLANG_ENABLE_OBJC_ARC = YES;
				CLANG_WARN_BOOL_CONVERSION = YES;
				CLANG_WARN_CONSTANT_CONVERSION = YES;
				CLANG_WARN_DIRECT_OBJC_ISA_USAGE = YES_ERROR;
				CLANG_WARN_DOCUMENTATION_COMMENTS = YES;
				CLANG_WARN_EMPTY_BODY = YES;
				CLANG_WARN_ENUM_CONVERSION = YES;
				CLANG_WARN_INFINITE_RECURSION = YES;
				CLANG_WARN_INT_CONVERSION = YES;
				CLANG_WARN_OBJC_ROOT_CLASS = YES_ERROR;
				CLANG_WARN_SUSPICIOUS_MOVES = YES;
				CLANG_WARN_UNREACHABLE_CODE = YES;
				CLANG_WARN__DUPLICATE_METHOD_MATCH = YES;
				"CODE_SIGN_IDENTITY[sdk=iphoneos*]" = "iPhone Developer";
				COPY_PHASE_STRIP = NO;
				DEBUG_INFORMATION_FORMAT = "dwarf-with-dsym";
				ENABLE_NS_ASSERTIONS = NO;
				ENABLE_STRICT_OBJC_MSGSEND = YES;
				GCC_C_LANGUAGE_STANDARD = gnu99;
				GCC_NO_COMMON_BLOCKS = YES;
				GCC_WARN_64_TO_32_BIT_CONVERSION = YES;
				GCC_WARN_ABOUT_RETURN_TYPE = YES_ERROR;
				GCC_WARN_UNDECLARED_SELECTOR = YES;
				GCC_WARN_UNINITIALIZED_AUTOS = YES_AGGRESSIVE;
				GCC_WARN_UNUSED_FUNCTION = YES;
				GCC_WARN_UNUSED_VARIABLE = YES;
				IPHONEOS_DEPLOYMENT_TARGET = 10.0;
				MTL_ENABLE_DEBUG_INFO = NO;
				SDKROOT = iphoneos;
				SWIFT_OPTIMIZATION_LEVEL = "-Owholemodule";
				TARGETED_DEVICE_FAMILY = "1,2";
				VALIDATE_PRODUCT = YES;
			};
			name = Release;
		};
		85CCD1C51D93FD6800E9DF7B /* Debug */ = {
			isa = XCBuildConfiguration;
			buildSettings = {
				ASSETCATALOG_COMPILER_APPICON_NAME = AppIcon;
				INFOPLIST_FILE = MpgCalculator/Info.plist;
				LD_RUNPATH_SEARCH_PATHS = "$(inherited) @executable_path/Frameworks";
				PRODUCT_BUNDLE_IDENTIFIER = com.chaostrend.MpgCalculator;
				PRODUCT_NAME = "$(TARGET_NAME)";
				SWIFT_VERSION = 3.0;
			};
			name = Debug;
		};
		85CCD1C61D93FD6800E9DF7B /* Release */ = {
			isa = XCBuildConfiguration;
			buildSettings = {
				ASSETCATALOG_COMPILER_APPICON_NAME = AppIcon;
				INFOPLIST_FILE = MpgCalculator/Info.plist;
				LD_RUNPATH_SEARCH_PATHS = "$(inherited) @executable_path/Frameworks";
				PRODUCT_BUNDLE_IDENTIFIER = com.chaostrend.MpgCalculator;
				PRODUCT_NAME = "$(TARGET_NAME)";
				SWIFT_VERSION = 3.0;
			};
			name = Release;
		};
		85CCD1C81D93FD6800E9DF7B /* Debug */ = {
			isa = XCBuildConfiguration;
			buildSettings = {
				ALWAYS_EMBED_SWIFT_STANDARD_LIBRARIES = YES;
				BUNDLE_LOADER = "$(TEST_HOST)";
				INFOPLIST_FILE = MpgCalculatorTests/Info.plist;
				LD_RUNPATH_SEARCH_PATHS = "$(inherited) @executable_path/Frameworks @loader_path/Frameworks";
				PRODUCT_BUNDLE_IDENTIFIER = com.chaostrend.MpgCalculatorTests;
				PRODUCT_NAME = "$(TARGET_NAME)";
				SWIFT_VERSION = 3.0;
				TEST_HOST = "$(BUILT_PRODUCTS_DIR)/MpgCalculator.app/MpgCalculator";
			};
			name = Debug;
		};
		85CCD1C91D93FD6800E9DF7B /* Release */ = {
			isa = XCBuildConfiguration;
			buildSettings = {
				ALWAYS_EMBED_SWIFT_STANDARD_LIBRARIES = YES;
				BUNDLE_LOADER = "$(TEST_HOST)";
				INFOPLIST_FILE = MpgCalculatorTests/Info.plist;
				LD_RUNPATH_SEARCH_PATHS = "$(inherited) @executable_path/Frameworks @loader_path/Frameworks";
				PRODUCT_BUNDLE_IDENTIFIER = com.chaostrend.MpgCalculatorTests;
				PRODUCT_NAME = "$(TARGET_NAME)";
				SWIFT_VERSION = 3.0;
				TEST_HOST = "$(BUILT_PRODUCTS_DIR)/MpgCalculator.app/MpgCalculator";
			};
			name = Release;
		};
		85CCD1CB1D93FD6800E9DF7B /* Debug */ = {
			isa = XCBuildConfiguration;
			buildSettings = {
				ALWAYS_EMBED_SWIFT_STANDARD_LIBRARIES = YES;
				INFOPLIST_FILE = MpgCalculatorUITests/Info.plist;
				LD_RUNPATH_SEARCH_PATHS = "$(inherited) @executable_path/Frameworks @loader_path/Frameworks";
				PRODUCT_BUNDLE_IDENTIFIER = com.chaostrend.MpgCalculatorUITests;
				PRODUCT_NAME = "$(TARGET_NAME)";
				SWIFT_VERSION = 3.0;
				TEST_TARGET_NAME = MpgCalculator;
			};
			name = Debug;
		};
		85CCD1CC1D93FD6800E9DF7B /* Release */ = {
			isa = XCBuildConfiguration;
			buildSettings = {
				ALWAYS_EMBED_SWIFT_STANDARD_LIBRARIES = YES;
				INFOPLIST_FILE = MpgCalculatorUITests/Info.plist;
				LD_RUNPATH_SEARCH_PATHS = "$(inherited) @executable_path/Frameworks @loader_path/Frameworks";
				PRODUCT_BUNDLE_IDENTIFIER = com.chaostrend.MpgCalculatorUITests;
				PRODUCT_NAME = "$(TARGET_NAME)";
				SWIFT_VERSION = 3.0;
				TEST_TARGET_NAME = MpgCalculator;
			};
			name = Release;
		};
/* End XCBuildConfiguration section */

/* Begin XCConfigurationList section */
		85CCD1971D93FD6800E9DF7B /* Build configuration list for PBXProject "MpgCalculator" */ = {
			isa = XCConfigurationList;
			buildConfigurations = (
				85CCD1C21D93FD6800E9DF7B /* Debug */,
				85CCD1C31D93FD6800E9DF7B /* Release */,
			);
			defaultConfigurationIsVisible = 0;
			defaultConfigurationName = Release;
		};
		85CCD1C41D93FD6800E9DF7B /* Build configuration list for PBXNativeTarget "MpgCalculator" */ = {
			isa = XCConfigurationList;
			buildConfigurations = (
				85CCD1C51D93FD6800E9DF7B /* Debug */,
				85CCD1C61D93FD6800E9DF7B /* Release */,
			);
			defaultConfigurationIsVisible = 0;
		};
		85CCD1C71D93FD6800E9DF7B /* Build configuration list for PBXNativeTarget "MpgCalculatorTests" */ = {
			isa = XCConfigurationList;
			buildConfigurations = (
				85CCD1C81D93FD6800E9DF7B /* Debug */,
				85CCD1C91D93FD6800E9DF7B /* Release */,
			);
			defaultConfigurationIsVisible = 0;
		};
		85CCD1CA1D93FD6800E9DF7B /* Build configuration list for PBXNativeTarget "MpgCalculatorUITests" */ = {
			isa = XCConfigurationList;
			buildConfigurations = (
				85CCD1CB1D93FD6800E9DF7B /* Debug */,
				85CCD1CC1D93FD6800E9DF7B /* Release */,
			);
			defaultConfigurationIsVisible = 0;
		};
/* End XCConfigurationList section */
	};
	rootObject = 85CCD1941D93FD6700E9DF7B /* Project object */;
}
